// !$*UTF8*$!
{
	archiveVersion = 1;
	classes = {
	};
	objectVersion = 46;
	objects = {

/* Begin PBXBuildFile section */
		DA1BEFE816D0C32F00139E8A /* PeopleList.m in Sources */ = {isa = PBXBuildFile; fileRef = DA1BEFE716D0C32F00139E8A /* PeopleList.m */; };
		DA1BEFEB16D37B3B00139E8A /* libsqlite3.0.dylib in Frameworks */ = {isa = PBXBuildFile; fileRef = DA1BEFEA16D37B3B00139E8A /* libsqlite3.0.dylib */; };
		DA1BEFF816D37EAD00139E8A /* FMDatabase.m in Sources */ = {isa = PBXBuildFile; fileRef = DA1BEFEE16D37EAD00139E8A /* FMDatabase.m */; };
		DA1BEFF916D37EAD00139E8A /* FMDatabaseAdditions.m in Sources */ = {isa = PBXBuildFile; fileRef = DA1BEFF016D37EAD00139E8A /* FMDatabaseAdditions.m */; };
		DA1BEFFA16D37EAD00139E8A /* FMDatabasePool.m in Sources */ = {isa = PBXBuildFile; fileRef = DA1BEFF216D37EAD00139E8A /* FMDatabasePool.m */; };
		DA1BEFFB16D37EAD00139E8A /* FMDatabaseQueue.m in Sources */ = {isa = PBXBuildFile; fileRef = DA1BEFF416D37EAD00139E8A /* FMDatabaseQueue.m */; };
		DA1BEFFC16D37EAD00139E8A /* fmdb.m in Sources */ = {isa = PBXBuildFile; fileRef = DA1BEFF516D37EAD00139E8A /* fmdb.m */; };
		DA1BEFFD16D37EAD00139E8A /* FMResultSet.m in Sources */ = {isa = PBXBuildFile; fileRef = DA1BEFF716D37EAD00139E8A /* FMResultSet.m */; };
		DA1BF00116D37EC200139E8A /* FMDatabase+InMemoryOnDiskIO.m in Sources */ = {isa = PBXBuildFile; fileRef = DA1BF00016D37EC200139E8A /* FMDatabase+InMemoryOnDiskIO.m */; };
		DA1BF00416D4BB6400139E8A /* DBManager.m in Sources */ = {isa = PBXBuildFile; fileRef = DA1BF00316D4BB6400139E8A /* DBManager.m */; };
		DA2F7BF116D73BD300C2DF89 /* ImageHandle.m in Sources */ = {isa = PBXBuildFile; fileRef = DA2F7BF016D73BD300C2DF89 /* ImageHandle.m */; };
		DA2F7BF516D74B5500C2DF89 /* ImageCell.m in Sources */ = {isa = PBXBuildFile; fileRef = DA2F7BF416D74B5500C2DF89 /* ImageCell.m */; };
		DA75AB8816DB4960002D6636 /* PrizeManageController.m in Sources */ = {isa = PBXBuildFile; fileRef = DA75AB8716DB4960002D6636 /* PrizeManageController.m */; };
		DA75AB8C16DB4CCB002D6636 /* PrizeList.m in Sources */ = {isa = PBXBuildFile; fileRef = DA75AB8B16DB4CCB002D6636 /* PrizeList.m */; };
		DA75AB8F16DB4FCE002D6636 /* PhotoList.m in Sources */ = {isa = PBXBuildFile; fileRef = DA75AB8E16DB4FCE002D6636 /* PhotoList.m */; };
		DA7DF71C16DCBA5000E2E510 /* PickerView.m in Sources */ = {isa = PBXBuildFile; fileRef = DA7DF71B16DCBA5000E2E510 /* PickerView.m */; };
		DAD4875E16E49CA1003C56A1 /* MyImagePickerMutilSelector.m in Sources */ = {isa = PBXBuildFile; fileRef = DAD4875D16E49CA1003C56A1 /* MyImagePickerMutilSelector.m */; };
		DAE0E78016CF26C6003C9D74 /* UIKit.framework in Frameworks */ = {isa = PBXBuildFile; fileRef = DAE0E77F16CF26C6003C9D74 /* UIKit.framework */; };
		DAE0E78216CF26C6003C9D74 /* Foundation.framework in Frameworks */ = {isa = PBXBuildFile; fileRef = DAE0E78116CF26C6003C9D74 /* Foundation.framework */; };
		DAE0E78416CF26C6003C9D74 /* CoreGraphics.framework in Frameworks */ = {isa = PBXBuildFile; fileRef = DAE0E78316CF26C6003C9D74 /* CoreGraphics.framework */; };
		DAE0E78A16CF26C6003C9D74 /* InfoPlist.strings in Resources */ = {isa = PBXBuildFile; fileRef = DAE0E78816CF26C6003C9D74 /* InfoPlist.strings */; };
		DAE0E78C16CF26C6003C9D74 /* main.m in Sources */ = {isa = PBXBuildFile; fileRef = DAE0E78B16CF26C6003C9D74 /* main.m */; };
		DAE0E79016CF26C6003C9D74 /* LotteryAppDelegate.m in Sources */ = {isa = PBXBuildFile; fileRef = DAE0E78F16CF26C6003C9D74 /* LotteryAppDelegate.m */; };
		DAE0E79216CF26C6003C9D74 /* Default.png in Resources */ = {isa = PBXBuildFile; fileRef = DAE0E79116CF26C6003C9D74 /* Default.png */; };
		DAE0E79416CF26C6003C9D74 /* Default@2x.png in Resources */ = {isa = PBXBuildFile; fileRef = DAE0E79316CF26C6003C9D74 /* Default@2x.png */; };
		DAE0E79616CF26C6003C9D74 /* Default-568h@2x.png in Resources */ = {isa = PBXBuildFile; fileRef = DAE0E79516CF26C6003C9D74 /* Default-568h@2x.png */; };
		DAE0E79916CF26C6003C9D74 /* MainStoryboard_iPhone.storyboard in Resources */ = {isa = PBXBuildFile; fileRef = DAE0E79716CF26C6003C9D74 /* MainStoryboard_iPhone.storyboard */; };
		DAE0E79C16CF26C6003C9D74 /* MainStoryboard_iPad.storyboard in Resources */ = {isa = PBXBuildFile; fileRef = DAE0E79A16CF26C6003C9D74 /* MainStoryboard_iPad.storyboard */; };
		DAE0E79F16CF26C6003C9D74 /* LotteryViewController.m in Sources */ = {isa = PBXBuildFile; fileRef = DAE0E79E16CF26C6003C9D74 /* LotteryViewController.m */; };
		DAE0E7A716CF26C7003C9D74 /* SenTestingKit.framework in Frameworks */ = {isa = PBXBuildFile; fileRef = DAE0E7A616CF26C7003C9D74 /* SenTestingKit.framework */; };
		DAE0E7A816CF26C7003C9D74 /* UIKit.framework in Frameworks */ = {isa = PBXBuildFile; fileRef = DAE0E77F16CF26C6003C9D74 /* UIKit.framework */; };
		DAE0E7A916CF26C7003C9D74 /* Foundation.framework in Frameworks */ = {isa = PBXBuildFile; fileRef = DAE0E78116CF26C6003C9D74 /* Foundation.framework */; };
		DAE0E7B116CF26C7003C9D74 /* InfoPlist.strings in Resources */ = {isa = PBXBuildFile; fileRef = DAE0E7AF16CF26C7003C9D74 /* InfoPlist.strings */; };
		DAE0E7B416CF26C7003C9D74 /* lotteryTests.m in Sources */ = {isa = PBXBuildFile; fileRef = DAE0E7B316CF26C7003C9D74 /* lotteryTests.m */; };
		DAE0E7CE16CF5148003C9D74 /* MHImagePickerMutilSelector.m in Sources */ = {isa = PBXBuildFile; fileRef = DAE0E7CC16CF5147003C9D74 /* MHImagePickerMutilSelector.m */; };
		DAE0E7D016CF69AF003C9D74 /* done.png in Resources */ = {isa = PBXBuildFile; fileRef = DAE0E7CF16CF69AF003C9D74 /* done.png */; };
		DAE0E7D216CF6B68003C9D74 /* del.png in Resources */ = {isa = PBXBuildFile; fileRef = DAE0E7D116CF6B68003C9D74 /* del.png */; };
		DAE0E7D416CF6C05003C9D74 /* bg.png in Resources */ = {isa = PBXBuildFile; fileRef = DAE0E7D316CF6C05003C9D74 /* bg.png */; };
		DAE0E7D716CF75D4003C9D74 /* PeopleManageController.m in Sources */ = {isa = PBXBuildFile; fileRef = DAE0E7D616CF75D4003C9D74 /* PeopleManageController.m */; };
/* End PBXBuildFile section */

/* Begin PBXContainerItemProxy section */
		DAE0E7AA16CF26C7003C9D74 /* PBXContainerItemProxy */ = {
			isa = PBXContainerItemProxy;
			containerPortal = DAE0E77216CF26C6003C9D74 /* Project object */;
			proxyType = 1;
			remoteGlobalIDString = DAE0E77A16CF26C6003C9D74;
			remoteInfo = lottery;
		};
/* End PBXContainerItemProxy section */

/* Begin PBXFileReference section */
		DA1BEFE616D0C32F00139E8A /* PeopleList.h */ = {isa = PBXFileReference; fileEncoding = 4; lastKnownFileType = sourcecode.c.h; path = PeopleList.h; sourceTree = "<group>"; };
		DA1BEFE716D0C32F00139E8A /* PeopleList.m */ = {isa = PBXFileReference; fileEncoding = 4; lastKnownFileType = sourcecode.c.objc; path = PeopleList.m; sourceTree = "<group>"; };
		DA1BEFEA16D37B3B00139E8A /* libsqlite3.0.dylib */ = {isa = PBXFileReference; lastKnownFileType = "compiled.mach-o.dylib"; name = libsqlite3.0.dylib; path = usr/lib/libsqlite3.0.dylib; sourceTree = SDKROOT; };
		DA1BEFED16D37EAD00139E8A /* FMDatabase.h */ = {isa = PBXFileReference; fileEncoding = 4; lastKnownFileType = sourcecode.c.h; name = FMDatabase.h; path = ../FMDatabase.h; sourceTree = "<group>"; };
		DA1BEFEE16D37EAD00139E8A /* FMDatabase.m */ = {isa = PBXFileReference; fileEncoding = 4; lastKnownFileType = sourcecode.c.objc; name = FMDatabase.m; path = ../FMDatabase.m; sourceTree = "<group>"; };
		DA1BEFEF16D37EAD00139E8A /* FMDatabaseAdditions.h */ = {isa = PBXFileReference; fileEncoding = 4; lastKnownFileType = sourcecode.c.h; name = FMDatabaseAdditions.h; path = ../FMDatabaseAdditions.h; sourceTree = "<group>"; };
		DA1BEFF016D37EAD00139E8A /* FMDatabaseAdditions.m */ = {isa = PBXFileReference; fileEncoding = 4; lastKnownFileType = sourcecode.c.objc; name = FMDatabaseAdditions.m; path = ../FMDatabaseAdditions.m; sourceTree = "<group>"; };
		DA1BEFF116D37EAD00139E8A /* FMDatabasePool.h */ = {isa = PBXFileReference; fileEncoding = 4; lastKnownFileType = sourcecode.c.h; name = FMDatabasePool.h; path = ../FMDatabasePool.h; sourceTree = "<group>"; };
		DA1BEFF216D37EAD00139E8A /* FMDatabasePool.m */ = {isa = PBXFileReference; fileEncoding = 4; lastKnownFileType = sourcecode.c.objc; name = FMDatabasePool.m; path = ../FMDatabasePool.m; sourceTree = "<group>"; };
		DA1BEFF316D37EAD00139E8A /* FMDatabaseQueue.h */ = {isa = PBXFileReference; fileEncoding = 4; lastKnownFileType = sourcecode.c.h; name = FMDatabaseQueue.h; path = ../FMDatabaseQueue.h; sourceTree = "<group>"; };
		DA1BEFF416D37EAD00139E8A /* FMDatabaseQueue.m */ = {isa = PBXFileReference; fileEncoding = 4; lastKnownFileType = sourcecode.c.objc; name = FMDatabaseQueue.m; path = ../FMDatabaseQueue.m; sourceTree = "<group>"; };
		DA1BEFF516D37EAD00139E8A /* fmdb.m */ = {isa = PBXFileReference; fileEncoding = 4; lastKnownFileType = sourcecode.c.objc; name = fmdb.m; path = ../fmdb.m; sourceTree = "<group>"; };
		DA1BEFF616D37EAD00139E8A /* FMResultSet.h */ = {isa = PBXFileReference; fileEncoding = 4; lastKnownFileType = sourcecode.c.h; name = FMResultSet.h; path = ../FMResultSet.h; sourceTree = "<group>"; };
		DA1BEFF716D37EAD00139E8A /* FMResultSet.m */ = {isa = PBXFileReference; fileEncoding = 4; lastKnownFileType = sourcecode.c.objc; name = FMResultSet.m; path = ../FMResultSet.m; sourceTree = "<group>"; };
		DA1BEFFF16D37EC200139E8A /* FMDatabase+InMemoryOnDiskIO.h */ = {isa = PBXFileReference; fileEncoding = 4; lastKnownFileType = sourcecode.c.h; path = "FMDatabase+InMemoryOnDiskIO.h"; sourceTree = "<group>"; };
		DA1BF00016D37EC200139E8A /* FMDatabase+InMemoryOnDiskIO.m */ = {isa = PBXFileReference; fileEncoding = 4; lastKnownFileType = sourcecode.c.objc; path = "FMDatabase+InMemoryOnDiskIO.m"; sourceTree = "<group>"; };
		DA1BF00216D4BB6400139E8A /* DBManager.h */ = {isa = PBXFileReference; fileEncoding = 4; lastKnownFileType = sourcecode.c.h; path = DBManager.h; sourceTree = "<group>"; };
		DA1BF00316D4BB6400139E8A /* DBManager.m */ = {isa = PBXFileReference; fileEncoding = 4; lastKnownFileType = sourcecode.c.objc; path = DBManager.m; sourceTree = "<group>"; };
		DA2F7BEF16D73BD300C2DF89 /* ImageHandle.h */ = {isa = PBXFileReference; fileEncoding = 4; lastKnownFileType = sourcecode.c.h; name = ImageHandle.h; path = service/ImageHandle.h; sourceTree = "<group>"; };
		DA2F7BF016D73BD300C2DF89 /* ImageHandle.m */ = {isa = PBXFileReference; fileEncoding = 4; lastKnownFileType = sourcecode.c.objc; name = ImageHandle.m; path = service/ImageHandle.m; sourceTree = "<group>"; };
		DA2F7BF316D74B5500C2DF89 /* ImageCell.h */ = {isa = PBXFileReference; fileEncoding = 4; lastKnownFileType = sourcecode.c.h; path = ImageCell.h; sourceTree = "<group>"; };
		DA2F7BF416D74B5500C2DF89 /* ImageCell.m */ = {isa = PBXFileReference; fileEncoding = 4; lastKnownFileType = sourcecode.c.objc; path = ImageCell.m; sourceTree = "<group>"; };
		DA75AB8616DB4960002D6636 /* PrizeManageController.h */ = {isa = PBXFileReference; fileEncoding = 4; lastKnownFileType = sourcecode.c.h; path = PrizeManageController.h; sourceTree = "<group>"; };
		DA75AB8716DB4960002D6636 /* PrizeManageController.m */ = {isa = PBXFileReference; fileEncoding = 4; lastKnownFileType = sourcecode.c.objc; path = PrizeManageController.m; sourceTree = "<group>"; };
		DA75AB8A16DB4CCB002D6636 /* PrizeList.h */ = {isa = PBXFileReference; fileEncoding = 4; lastKnownFileType = sourcecode.c.h; name = PrizeList.h; path = model/PrizeList.h; sourceTree = "<group>"; };
		DA75AB8B16DB4CCB002D6636 /* PrizeList.m */ = {isa = PBXFileReference; fileEncoding = 4; lastKnownFileType = sourcecode.c.objc; name = PrizeList.m; path = model/PrizeList.m; sourceTree = "<group>"; };
		DA75AB8D16DB4FCE002D6636 /* PhotoList.h */ = {isa = PBXFileReference; fileEncoding = 4; lastKnownFileType = sourcecode.c.h; name = PhotoList.h; path = model/PhotoList.h; sourceTree = "<group>"; };
		DA75AB8E16DB4FCE002D6636 /* PhotoList.m */ = {isa = PBXFileReference; fileEncoding = 4; lastKnownFileType = sourcecode.c.objc; name = PhotoList.m; path = model/PhotoList.m; sourceTree = "<group>"; };
		DA7DF71A16DCBA5000E2E510 /* PickerView.h */ = {isa = PBXFileReference; fileEncoding = 4; lastKnownFileType = sourcecode.c.h; path = PickerView.h; sourceTree = "<group>"; };
		DA7DF71B16DCBA5000E2E510 /* PickerView.m */ = {isa = PBXFileReference; fileEncoding = 4; lastKnownFileType = sourcecode.c.objc; path = PickerView.m; sourceTree = "<group>"; };
		DABABCB416D4D67C00B6C65D /* lottery.entitlements */ = {isa = PBXFileReference; lastKnownFileType = text.xml; path = lottery.entitlements; sourceTree = "<group>"; };
		DAD4875C16E49CA0003C56A1 /* MyImagePickerMutilSelector.h */ = {isa = PBXFileReference; fileEncoding = 4; lastKnownFileType = sourcecode.c.h; path = MyImagePickerMutilSelector.h; sourceTree = "<group>"; };
		DAD4875D16E49CA1003C56A1 /* MyImagePickerMutilSelector.m */ = {isa = PBXFileReference; fileEncoding = 4; lastKnownFileType = sourcecode.c.objc; path = MyImagePickerMutilSelector.m; sourceTree = "<group>"; };
		DAE0E77B16CF26C6003C9D74 /* lottery.app */ = {isa = PBXFileReference; explicitFileType = wrapper.application; includeInIndex = 0; path = lottery.app; sourceTree = BUILT_PRODUCTS_DIR; };
		DAE0E77F16CF26C6003C9D74 /* UIKit.framework */ = {isa = PBXFileReference; lastKnownFileType = wrapper.framework; name = UIKit.framework; path = System/Library/Frameworks/UIKit.framework; sourceTree = SDKROOT; };
		DAE0E78116CF26C6003C9D74 /* Foundation.framework */ = {isa = PBXFileReference; lastKnownFileType = wrapper.framework; name = Foundation.framework; path = System/Library/Frameworks/Foundation.framework; sourceTree = SDKROOT; };
		DAE0E78316CF26C6003C9D74 /* CoreGraphics.framework */ = {isa = PBXFileReference; lastKnownFileType = wrapper.framework; name = CoreGraphics.framework; path = System/Library/Frameworks/CoreGraphics.framework; sourceTree = SDKROOT; };
		DAE0E78716CF26C6003C9D74 /* lottery-Info.plist */ = {isa = PBXFileReference; lastKnownFileType = text.plist.xml; path = "lottery-Info.plist"; sourceTree = "<group>"; };
		DAE0E78916CF26C6003C9D74 /* en */ = {isa = PBXFileReference; lastKnownFileType = text.plist.strings; name = en; path = en.lproj/InfoPlist.strings; sourceTree = "<group>"; };
		DAE0E78B16CF26C6003C9D74 /* main.m */ = {isa = PBXFileReference; lastKnownFileType = sourcecode.c.objc; path = main.m; sourceTree = "<group>"; };
		DAE0E78D16CF26C6003C9D74 /* lottery-Prefix.pch */ = {isa = PBXFileReference; lastKnownFileType = sourcecode.c.h; path = "lottery-Prefix.pch"; sourceTree = "<group>"; };
		DAE0E78E16CF26C6003C9D74 /* LotteryAppDelegate.h */ = {isa = PBXFileReference; lastKnownFileType = sourcecode.c.h; path = LotteryAppDelegate.h; sourceTree = "<group>"; };
		DAE0E78F16CF26C6003C9D74 /* LotteryAppDelegate.m */ = {isa = PBXFileReference; lastKnownFileType = sourcecode.c.objc; path = LotteryAppDelegate.m; sourceTree = "<group>"; };
		DAE0E79116CF26C6003C9D74 /* Default.png */ = {isa = PBXFileReference; lastKnownFileType = image.png; path = Default.png; sourceTree = "<group>"; };
		DAE0E79316CF26C6003C9D74 /* Default@2x.png */ = {isa = PBXFileReference; lastKnownFileType = image.png; path = "Default@2x.png"; sourceTree = "<group>"; };
		DAE0E79516CF26C6003C9D74 /* Default-568h@2x.png */ = {isa = PBXFileReference; lastKnownFileType = image.png; path = "Default-568h@2x.png"; sourceTree = "<group>"; };
		DAE0E79816CF26C6003C9D74 /* en */ = {isa = PBXFileReference; lastKnownFileType = file.storyboard; name = en; path = en.lproj/MainStoryboard_iPhone.storyboard; sourceTree = "<group>"; };
		DAE0E79B16CF26C6003C9D74 /* en */ = {isa = PBXFileReference; lastKnownFileType = file.storyboard; name = en; path = en.lproj/MainStoryboard_iPad.storyboard; sourceTree = "<group>"; };
		DAE0E79D16CF26C6003C9D74 /* LotteryViewController.h */ = {isa = PBXFileReference; lastKnownFileType = sourcecode.c.h; path = LotteryViewController.h; sourceTree = "<group>"; };
		DAE0E79E16CF26C6003C9D74 /* LotteryViewController.m */ = {isa = PBXFileReference; lastKnownFileType = sourcecode.c.objc; path = LotteryViewController.m; sourceTree = "<group>"; };
		DAE0E7A516CF26C7003C9D74 /* lotteryTests.octest */ = {isa = PBXFileReference; explicitFileType = wrapper.cfbundle; includeInIndex = 0; path = lotteryTests.octest; sourceTree = BUILT_PRODUCTS_DIR; };
		DAE0E7A616CF26C7003C9D74 /* SenTestingKit.framework */ = {isa = PBXFileReference; lastKnownFileType = wrapper.framework; name = SenTestingKit.framework; path = Library/Frameworks/SenTestingKit.framework; sourceTree = DEVELOPER_DIR; };
		DAE0E7AE16CF26C7003C9D74 /* lotteryTests-Info.plist */ = {isa = PBXFileReference; lastKnownFileType = text.plist.xml; path = "lotteryTests-Info.plist"; sourceTree = "<group>"; };
		DAE0E7B016CF26C7003C9D74 /* en */ = {isa = PBXFileReference; lastKnownFileType = text.plist.strings; name = en; path = en.lproj/InfoPlist.strings; sourceTree = "<group>"; };
		DAE0E7B216CF26C7003C9D74 /* lotteryTests.h */ = {isa = PBXFileReference; lastKnownFileType = sourcecode.c.h; path = lotteryTests.h; sourceTree = "<group>"; };
		DAE0E7B316CF26C7003C9D74 /* lotteryTests.m */ = {isa = PBXFileReference; lastKnownFileType = sourcecode.c.objc; path = lotteryTests.m; sourceTree = "<group>"; };
		DAE0E7CC16CF5147003C9D74 /* MHImagePickerMutilSelector.m */ = {isa = PBXFileReference; fileEncoding = 4; lastKnownFileType = sourcecode.c.objc; name = MHImagePickerMutilSelector.m; path = ../../../../../Users/toby/Downloads/MHImagePickerMutilSelector/MHImagePickerMutilSelector.m; sourceTree = "<group>"; };
		DAE0E7CD16CF5147003C9D74 /* MHImagePickerMutilSelector.h */ = {isa = PBXFileReference; fileEncoding = 4; lastKnownFileType = sourcecode.c.h; name = MHImagePickerMutilSelector.h; path = ../../../../../Users/toby/Downloads/MHImagePickerMutilSelector/MHImagePickerMutilSelector.h; sourceTree = "<group>"; };
		DAE0E7CF16CF69AF003C9D74 /* done.png */ = {isa = PBXFileReference; lastKnownFileType = image.png; name = done.png; path = ../../../../../Users/toby/Downloads/done.png; sourceTree = "<group>"; };
		DAE0E7D116CF6B68003C9D74 /* del.png */ = {isa = PBXFileReference; lastKnownFileType = image.png; name = del.png; path = ../../../../../Users/toby/Downloads/del.png; sourceTree = "<group>"; };
		DAE0E7D316CF6C05003C9D74 /* bg.png */ = {isa = PBXFileReference; lastKnownFileType = image.png; name = bg.png; path = ../../../../../Users/toby/Downloads/bg.png; sourceTree = "<group>"; };
		DAE0E7D516CF75D4003C9D74 /* PeopleManageController.h */ = {isa = PBXFileReference; fileEncoding = 4; lastKnownFileType = sourcecode.c.h; path = PeopleManageController.h; sourceTree = "<group>"; };
		DAE0E7D616CF75D4003C9D74 /* PeopleManageController.m */ = {isa = PBXFileReference; fileEncoding = 4; lastKnownFileType = sourcecode.c.objc; path = PeopleManageController.m; sourceTree = "<group>"; };
/* End PBXFileReference section */

/* Begin PBXFrameworksBuildPhase section */
		DAE0E77816CF26C6003C9D74 /* Frameworks */ = {
			isa = PBXFrameworksBuildPhase;
			buildActionMask = 2147483647;
			files = (
				DA1BEFEB16D37B3B00139E8A /* libsqlite3.0.dylib in Frameworks */,
				DAE0E78016CF26C6003C9D74 /* UIKit.framework in Frameworks */,
				DAE0E78216CF26C6003C9D74 /* Foundation.framework in Frameworks */,
				DAE0E78416CF26C6003C9D74 /* CoreGraphics.framework in Frameworks */,
			);
			runOnlyForDeploymentPostprocessing = 0;
		};
		DAE0E7A116CF26C7003C9D74 /* Frameworks */ = {
			isa = PBXFrameworksBuildPhase;
			buildActionMask = 2147483647;
			files = (
				DAE0E7A716CF26C7003C9D74 /* SenTestingKit.framework in Frameworks */,
				DAE0E7A816CF26C7003C9D74 /* UIKit.framework in Frameworks */,
				DAE0E7A916CF26C7003C9D74 /* Foundation.framework in Frameworks */,
			);
			runOnlyForDeploymentPostprocessing = 0;
		};
/* End PBXFrameworksBuildPhase section */

/* Begin PBXGroup section */
		DA1BEFEC16D37E9400139E8A /* fmdb */ = {
			isa = PBXGroup;
			children = (
				DA1BEFFE16D37EC200139E8A /* extra */,
				DA1BEFED16D37EAD00139E8A /* FMDatabase.h */,
				DA1BEFEE16D37EAD00139E8A /* FMDatabase.m */,
				DA1BEFEF16D37EAD00139E8A /* FMDatabaseAdditions.h */,
				DA1BEFF016D37EAD00139E8A /* FMDatabaseAdditions.m */,
				DA1BEFF116D37EAD00139E8A /* FMDatabasePool.h */,
				DA1BEFF216D37EAD00139E8A /* FMDatabasePool.m */,
				DA1BEFF316D37EAD00139E8A /* FMDatabaseQueue.h */,
				DA1BEFF416D37EAD00139E8A /* FMDatabaseQueue.m */,
				DA1BEFF516D37EAD00139E8A /* fmdb.m */,
				DA1BEFF616D37EAD00139E8A /* FMResultSet.h */,
				DA1BEFF716D37EAD00139E8A /* FMResultSet.m */,
			);
			name = fmdb;
			path = ../../../../../Users/toby/git/fmdb/src/fmdb;
			sourceTree = "<group>";
		};
		DA1BEFFE16D37EC200139E8A /* extra */ = {
			isa = PBXGroup;
			children = (
				DA1BEFFF16D37EC200139E8A /* FMDatabase+InMemoryOnDiskIO.h */,
				DA1BF00016D37EC200139E8A /* FMDatabase+InMemoryOnDiskIO.m */,
			);
			name = extra;
			path = ../../extra;
			sourceTree = "<group>";
		};
		DAE0E77016CF26C6003C9D74 = {
			isa = PBXGroup;
			children = (
				DA1BEFEA16D37B3B00139E8A /* libsqlite3.0.dylib */,
				DAE0E78516CF26C6003C9D74 /* lottery */,
				DAE0E7AC16CF26C7003C9D74 /* lotteryTests */,
				DAE0E77E16CF26C6003C9D74 /* Frameworks */,
				DAE0E77C16CF26C6003C9D74 /* Products */,
			);
			sourceTree = "<group>";
		};
		DAE0E77C16CF26C6003C9D74 /* Products */ = {
			isa = PBXGroup;
			children = (
				DAE0E77B16CF26C6003C9D74 /* lottery.app */,
				DAE0E7A516CF26C7003C9D74 /* lotteryTests.octest */,
			);
			name = Products;
			sourceTree = "<group>";
		};
		DAE0E77E16CF26C6003C9D74 /* Frameworks */ = {
			isa = PBXGroup;
			children = (
				DAE0E77F16CF26C6003C9D74 /* UIKit.framework */,
				DAE0E78116CF26C6003C9D74 /* Foundation.framework */,
				DAE0E78316CF26C6003C9D74 /* CoreGraphics.framework */,
				DAE0E7A616CF26C7003C9D74 /* SenTestingKit.framework */,
			);
			name = Frameworks;
			sourceTree = "<group>";
		};
		DAE0E78516CF26C6003C9D74 /* lottery */ = {
			isa = PBXGroup;
			children = (
				DABABCB416D4D67C00B6C65D /* lottery.entitlements */,
				DA1BEFEC16D37E9400139E8A /* fmdb */,
				DAE0E7CD16CF5147003C9D74 /* MHImagePickerMutilSelector.h */,
				DAD4875C16E49CA0003C56A1 /* MyImagePickerMutilSelector.h */,
				DAD4875D16E49CA1003C56A1 /* MyImagePickerMutilSelector.m */,
				DA7DF71A16DCBA5000E2E510 /* PickerView.h */,
				DA7DF71B16DCBA5000E2E510 /* PickerView.m */,
				DAE0E7CC16CF5147003C9D74 /* MHImagePickerMutilSelector.m */,
				DA2F7BF316D74B5500C2DF89 /* ImageCell.h */,
				DA2F7BF416D74B5500C2DF89 /* ImageCell.m */,
				DA2F7BEF16D73BD300C2DF89 /* ImageHandle.h */,
				DA2F7BF016D73BD300C2DF89 /* ImageHandle.m */,
				DA1BEFE616D0C32F00139E8A /* PeopleList.h */,
				DA75AB8A16DB4CCB002D6636 /* PrizeList.h */,
				DA75AB8D16DB4FCE002D6636 /* PhotoList.h */,
				DA75AB8E16DB4FCE002D6636 /* PhotoList.m */,
				DA75AB8B16DB4CCB002D6636 /* PrizeList.m */,
				DA1BEFE716D0C32F00139E8A /* PeopleList.m */,
				DAE0E78E16CF26C6003C9D74 /* LotteryAppDelegate.h */,
				DA1BF00216D4BB6400139E8A /* DBManager.h */,
				DA1BF00316D4BB6400139E8A /* DBManager.m */,
				DAE0E78F16CF26C6003C9D74 /* LotteryAppDelegate.m */,
				DAE0E7D516CF75D4003C9D74 /* PeopleManageController.h */,
				DA75AB8616DB4960002D6636 /* PrizeManageController.h */,
				DA75AB8716DB4960002D6636 /* PrizeManageController.m */,
				DAE0E7D616CF75D4003C9D74 /* PeopleManageController.m */,
				DAE0E79716CF26C6003C9D74 /* MainStoryboard_iPhone.storyboard */,
				DAE0E79A16CF26C6003C9D74 /* MainStoryboard_iPad.storyboard */,
				DAE0E79D16CF26C6003C9D74 /* LotteryViewController.h */,
				DAE0E79E16CF26C6003C9D74 /* LotteryViewController.m */,
				DAE0E78616CF26C6003C9D74 /* Supporting Files */,
			);
			path = lottery;
			sourceTree = "<group>";
		};
		DAE0E78616CF26C6003C9D74 /* Supporting Files */ = {
			isa = PBXGroup;
			children = (
				DAE0E7D316CF6C05003C9D74 /* bg.png */,
				DAE0E7D116CF6B68003C9D74 /* del.png */,
				DAE0E7CF16CF69AF003C9D74 /* done.png */,
				DAE0E78716CF26C6003C9D74 /* lottery-Info.plist */,
				DAE0E78816CF26C6003C9D74 /* InfoPlist.strings */,
				DAE0E78B16CF26C6003C9D74 /* main.m */,
				DAE0E78D16CF26C6003C9D74 /* lottery-Prefix.pch */,
				DAE0E79116CF26C6003C9D74 /* Default.png */,
				DAE0E79316CF26C6003C9D74 /* Default@2x.png */,
				DAE0E79516CF26C6003C9D74 /* Default-568h@2x.png */,
			);
			name = "Supporting Files";
			sourceTree = "<group>";
		};
		DAE0E7AC16CF26C7003C9D74 /* lotteryTests */ = {
			isa = PBXGroup;
			children = (
				DAE0E7B216CF26C7003C9D74 /* lotteryTests.h */,
				DAE0E7B316CF26C7003C9D74 /* lotteryTests.m */,
				DAE0E7AD16CF26C7003C9D74 /* Supporting Files */,
			);
			path = lotteryTests;
			sourceTree = "<group>";
		};
		DAE0E7AD16CF26C7003C9D74 /* Supporting Files */ = {
			isa = PBXGroup;
			children = (
				DAE0E7AE16CF26C7003C9D74 /* lotteryTests-Info.plist */,
				DAE0E7AF16CF26C7003C9D74 /* InfoPlist.strings */,
			);
			name = "Supporting Files";
			sourceTree = "<group>";
		};
/* End PBXGroup section */

/* Begin PBXNativeTarget section */
		DAE0E77A16CF26C6003C9D74 /* lottery */ = {
			isa = PBXNativeTarget;
			buildConfigurationList = DAE0E7B716CF26C7003C9D74 /* Build configuration list for PBXNativeTarget "lottery" */;
			buildPhases = (
				DAE0E77716CF26C6003C9D74 /* Sources */,
				DAE0E77816CF26C6003C9D74 /* Frameworks */,
				DAE0E77916CF26C6003C9D74 /* Resources */,
			);
			buildRules = (
			);
			dependencies = (
			);
			name = lottery;
			productName = lottery;
			productReference = DAE0E77B16CF26C6003C9D74 /* lottery.app */;
			productType = "com.apple.product-type.application";
		};
		DAE0E7A416CF26C7003C9D74 /* lotteryTests */ = {
			isa = PBXNativeTarget;
			buildConfigurationList = DAE0E7BA16CF26C7003C9D74 /* Build configuration list for PBXNativeTarget "lotteryTests" */;
			buildPhases = (
				DAE0E7A016CF26C7003C9D74 /* Sources */,
				DAE0E7A116CF26C7003C9D74 /* Frameworks */,
				DAE0E7A216CF26C7003C9D74 /* Resources */,
				DAE0E7A316CF26C7003C9D74 /* ShellScript */,
			);
			buildRules = (
			);
			dependencies = (
				DAE0E7AB16CF26C7003C9D74 /* PBXTargetDependency */,
			);
			name = lotteryTests;
			productName = lotteryTests;
			productReference = DAE0E7A516CF26C7003C9D74 /* lotteryTests.octest */;
			productType = "com.apple.product-type.bundle";
		};
/* End PBXNativeTarget section */

/* Begin PBXProject section */
		DAE0E77216CF26C6003C9D74 /* Project object */ = {
			isa = PBXProject;
			attributes = {
				CLASSPREFIX = Lottery;
				LastUpgradeCheck = 0450;
				ORGANIZATIONNAME = toby;
			};
			buildConfigurationList = DAE0E77516CF26C6003C9D74 /* Build configuration list for PBXProject "lottery" */;
			compatibilityVersion = "Xcode 3.2";
			developmentRegion = English;
			hasScannedForEncodings = 0;
			knownRegions = (
				en,
			);
			mainGroup = DAE0E77016CF26C6003C9D74;
			productRefGroup = DAE0E77C16CF26C6003C9D74 /* Products */;
			projectDirPath = "";
			projectRoot = "";
			targets = (
				DAE0E77A16CF26C6003C9D74 /* lottery */,
				DAE0E7A416CF26C7003C9D74 /* lotteryTests */,
			);
		};
/* End PBXProject section */

/* Begin PBXResourcesBuildPhase section */
		DAE0E77916CF26C6003C9D74 /* Resources */ = {
			isa = PBXResourcesBuildPhase;
			buildActionMask = 2147483647;
			files = (
				DAE0E78A16CF26C6003C9D74 /* InfoPlist.strings in Resources */,
				DAE0E79216CF26C6003C9D74 /* Default.png in Resources */,
				DAE0E79416CF26C6003C9D74 /* Default@2x.png in Resources */,
				DAE0E79616CF26C6003C9D74 /* Default-568h@2x.png in Resources */,
				DAE0E79916CF26C6003C9D74 /* MainStoryboard_iPhone.storyboard in Resources */,
				DAE0E79C16CF26C6003C9D74 /* MainStoryboard_iPad.storyboard in Resources */,
				DAE0E7D016CF69AF003C9D74 /* done.png in Resources */,
				DAE0E7D216CF6B68003C9D74 /* del.png in Resources */,
				DAE0E7D416CF6C05003C9D74 /* bg.png in Resources */,
			);
			runOnlyForDeploymentPostprocessing = 0;
		};
		DAE0E7A216CF26C7003C9D74 /* Resources */ = {
			isa = PBXResourcesBuildPhase;
			buildActionMask = 2147483647;
			files = (
				DAE0E7B116CF26C7003C9D74 /* InfoPlist.strings in Resources */,
			);
			runOnlyForDeploymentPostprocessing = 0;
		};
/* End PBXResourcesBuildPhase section */

/* Begin PBXShellScriptBuildPhase section */
		DAE0E7A316CF26C7003C9D74 /* ShellScript */ = {
			isa = PBXShellScriptBuildPhase;
			buildActionMask = 2147483647;
			files = (
			);
			inputPaths = (
			);
			outputPaths = (
			);
			runOnlyForDeploymentPostprocessing = 0;
			shellPath = /bin/sh;
			shellScript = "# Run the unit tests in this test bundle.\n\"${SYSTEM_DEVELOPER_DIR}/Tools/RunUnitTests\"\n";
		};
/* End PBXShellScriptBuildPhase section */

/* Begin PBXSourcesBuildPhase section */
		DAE0E77716CF26C6003C9D74 /* Sources */ = {
			isa = PBXSourcesBuildPhase;
			buildActionMask = 2147483647;
			files = (
				DAE0E78C16CF26C6003C9D74 /* main.m in Sources */,
				DAE0E79016CF26C6003C9D74 /* LotteryAppDelegate.m in Sources */,
				DAE0E79F16CF26C6003C9D74 /* LotteryViewController.m in Sources */,
				DAE0E7CE16CF5148003C9D74 /* MHImagePickerMutilSelector.m in Sources */,
				DAE0E7D716CF75D4003C9D74 /* PeopleManageController.m in Sources */,
				DA1BEFE816D0C32F00139E8A /* PeopleList.m in Sources */,
				DA1BEFF816D37EAD00139E8A /* FMDatabase.m in Sources */,
				DA1BEFF916D37EAD00139E8A /* FMDatabaseAdditions.m in Sources */,
				DA1BEFFA16D37EAD00139E8A /* FMDatabasePool.m in Sources */,
				DA1BEFFB16D37EAD00139E8A /* FMDatabaseQueue.m in Sources */,
				DA1BEFFC16D37EAD00139E8A /* fmdb.m in Sources */,
				DA1BEFFD16D37EAD00139E8A /* FMResultSet.m in Sources */,
				DA1BF00116D37EC200139E8A /* FMDatabase+InMemoryOnDiskIO.m in Sources */,
				DA1BF00416D4BB6400139E8A /* DBManager.m in Sources */,
				DA2F7BF116D73BD300C2DF89 /* ImageHandle.m in Sources */,
				DA2F7BF516D74B5500C2DF89 /* ImageCell.m in Sources */,
				DA75AB8816DB4960002D6636 /* PrizeManageController.m in Sources */,
				DA75AB8C16DB4CCB002D6636 /* PrizeList.m in Sources */,
				DA75AB8F16DB4FCE002D6636 /* PhotoList.m in Sources */,
				DA7DF71C16DCBA5000E2E510 /* PickerView.m in Sources */,
				DAD4875E16E49CA1003C56A1 /* MyImagePickerMutilSelector.m in Sources */,
			);
			runOnlyForDeploymentPostprocessing = 0;
		};
		DAE0E7A016CF26C7003C9D74 /* Sources */ = {
			isa = PBXSourcesBuildPhase;
			buildActionMask = 2147483647;
			files = (
				DAE0E7B416CF26C7003C9D74 /* lotteryTests.m in Sources */,
			);
			runOnlyForDeploymentPostprocessing = 0;
		};
/* End PBXSourcesBuildPhase section */

/* Begin PBXTargetDependency section */
		DAE0E7AB16CF26C7003C9D74 /* PBXTargetDependency */ = {
			isa = PBXTargetDependency;
			target = DAE0E77A16CF26C6003C9D74 /* lottery */;
			targetProxy = DAE0E7AA16CF26C7003C9D74 /* PBXContainerItemProxy */;
		};
/* End PBXTargetDependency section */

/* Begin PBXVariantGroup section */
		DAE0E78816CF26C6003C9D74 /* InfoPlist.strings */ = {
			isa = PBXVariantGroup;
			children = (
				DAE0E78916CF26C6003C9D74 /* en */,
			);
			name = InfoPlist.strings;
			sourceTree = "<group>";
		};
		DAE0E79716CF26C6003C9D74 /* MainStoryboard_iPhone.storyboard */ = {
			isa = PBXVariantGroup;
			children = (
				DAE0E79816CF26C6003C9D74 /* en */,
			);
			name = MainStoryboard_iPhone.storyboard;
			sourceTree = "<group>";
		};
		DAE0E79A16CF26C6003C9D74 /* MainStoryboard_iPad.storyboard */ = {
			isa = PBXVariantGroup;
			children = (
				DAE0E79B16CF26C6003C9D74 /* en */,
			);
			name = MainStoryboard_iPad.storyboard;
			sourceTree = "<group>";
		};
		DAE0E7AF16CF26C7003C9D74 /* InfoPlist.strings */ = {
			isa = PBXVariantGroup;
			children = (
				DAE0E7B016CF26C7003C9D74 /* en */,
			);
			name = InfoPlist.strings;
			sourceTree = "<group>";
		};
/* End PBXVariantGroup section */

/* Begin XCBuildConfiguration section */
		DAE0E7B516CF26C7003C9D74 /* Debug */ = {
			isa = XCBuildConfiguration;
			buildSettings = {
				ALWAYS_SEARCH_USER_PATHS = NO;
				CLANG_CXX_LANGUAGE_STANDARD = "gnu++0x";
				CLANG_CXX_LIBRARY = "libc++";
				CLANG_ENABLE_OBJC_ARC = YES;
				CLANG_WARN_EMPTY_BODY = YES;
				CLANG_WARN__DUPLICATE_METHOD_MATCH = YES;
				"CODE_SIGN_IDENTITY[sdk=iphoneos*]" = "iPhone Developer";
				COPY_PHASE_STRIP = NO;
				GCC_C_LANGUAGE_STANDARD = gnu99;
				GCC_DYNAMIC_NO_PIC = NO;
				GCC_OPTIMIZATION_LEVEL = 0;
				GCC_PREPROCESSOR_DEFINITIONS = (
					"DEBUG=1",
					"$(inherited)",
				);
				GCC_SYMBOLS_PRIVATE_EXTERN = NO;
				GCC_WARN_ABOUT_RETURN_TYPE = YES;
				GCC_WARN_UNINITIALIZED_AUTOS = YES;
				GCC_WARN_UNUSED_VARIABLE = YES;
				IPHONEOS_DEPLOYMENT_TARGET = 6.0;
				ONLY_ACTIVE_ARCH = YES;
				SDKROOT = iphoneos;
				TARGETED_DEVICE_FAMILY = "1,2";
			};
			name = Debug;
		};
		DAE0E7B616CF26C7003C9D74 /* Release */ = {
			isa = XCBuildConfiguration;
			buildSettings = {
				ALWAYS_SEARCH_USER_PATHS = NO;
				CLANG_CXX_LANGUAGE_STANDARD = "gnu++0x";
				CLANG_CXX_LIBRARY = "libc++";
				CLANG_ENABLE_OBJC_ARC = YES;
				CLANG_WARN_EMPTY_BODY = YES;
				CLANG_WARN__DUPLICATE_METHOD_MATCH = YES;
				"CODE_SIGN_IDENTITY[sdk=iphoneos*]" = "iPhone Developer";
				COPY_PHASE_STRIP = YES;
				GCC_C_LANGUAGE_STANDARD = gnu99;
				GCC_WARN_ABOUT_RETURN_TYPE = YES;
				GCC_WARN_UNINITIALIZED_AUTOS = YES;
				GCC_WARN_UNUSED_VARIABLE = YES;
				IPHONEOS_DEPLOYMENT_TARGET = 6.0;
				OTHER_CFLAGS = "-DNS_BLOCK_ASSERTIONS=1";
				SDKROOT = iphoneos;
				TARGETED_DEVICE_FAMILY = "1,2";
				VALIDATE_PRODUCT = YES;
			};
			name = Release;
		};
		DAE0E7B816CF26C7003C9D74 /* Debug */ = {
			isa = XCBuildConfiguration;
			buildSettings = {
				CLANG_ENABLE_OBJC_ARC = NO;
				GCC_PRECOMPILE_PREFIX_HEADER = YES;
				GCC_PREFIX_HEADER = "lottery/lottery-Prefix.pch";
				INFOPLIST_FILE = "lottery/lottery-Info.plist";
				PRODUCT_NAME = "$(TARGET_NAME)";
				WRAPPER_EXTENSION = app;
			};
			name = Debug;
		};
		DAE0E7B916CF26C7003C9D74 /* Release */ = {
			isa = XCBuildConfiguration;
			buildSettings = {
				CLANG_ENABLE_OBJC_ARC = NO;
				GCC_PRECOMPILE_PREFIX_HEADER = YES;
				GCC_PREFIX_HEADER = "lottery/lottery-Prefix.pch";
				INFOPLIST_FILE = "lottery/lottery-Info.plist";
				PRODUCT_NAME = "$(TARGET_NAME)";
				WRAPPER_EXTENSION = app;
			};
			name = Release;
		};
		DAE0E7BB16CF26C7003C9D74 /* Debug */ = {
			isa = XCBuildConfiguration;
			buildSettings = {
				BUNDLE_LOADER = "$(BUILT_PRODUCTS_DIR)/lottery.app/lottery";
				FRAMEWORK_SEARCH_PATHS = (
					"\"$(SDKROOT)/Developer/Library/Frameworks\"",
					"\"$(DEVELOPER_LIBRARY_DIR)/Frameworks\"",
				);
				GCC_PRECOMPILE_PREFIX_HEADER = YES;
				GCC_PREFIX_HEADER = "lottery/lottery-Prefix.pch";
				INFOPLIST_FILE = "lotteryTests/lotteryTests-Info.plist";
				PRODUCT_NAME = "$(TARGET_NAME)";
				TEST_HOST = "$(BUNDLE_LOADER)";
				WRAPPER_EXTENSION = octest;
			};
			name = Debug;
		};
		DAE0E7BC16CF26C7003C9D74 /* Release */ = {
			isa = XCBuildConfiguration;
			buildSettings = {
				BUNDLE_LOADER = "$(BUILT_PRODUCTS_DIR)/lottery.app/lottery";
				FRAMEWORK_SEARCH_PATHS = (
					"\"$(SDKROOT)/Developer/Library/Frameworks\"",
					"\"$(DEVELOPER_LIBRARY_DIR)/Frameworks\"",
				);
				GCC_PRECOMPILE_PREFIX_HEADER = YES;
				GCC_PREFIX_HEADER = "lottery/lottery-Prefix.pch";
				INFOPLIST_FILE = "lotteryTests/lotteryTests-Info.plist";
				PRODUCT_NAME = "$(TARGET_NAME)";
				TEST_HOST = "$(BUNDLE_LOADER)";
				WRAPPER_EXTENSION = octest;
			};
			name = Release;
		};
/* End XCBuildConfiguration section */

/* Begin XCConfigurationList section */
		DAE0E77516CF26C6003C9D74 /* Build configuration list for PBXProject "lottery" */ = {
			isa = XCConfigurationList;
			buildConfigurations = (
				DAE0E7B516CF26C7003C9D74 /* Debug */,
				DAE0E7B616CF26C7003C9D74 /* Release */,
			);
			defaultConfigurationIsVisible = 0;
			defaultConfigurationName = Release;
		};
		DAE0E7B716CF26C7003C9D74 /* Build configuration list for PBXNativeTarget "lottery" */ = {
			isa = XCConfigurationList;
			buildConfigurations = (
				DAE0E7B816CF26C7003C9D74 /* Debug */,
				DAE0E7B916CF26C7003C9D74 /* Release */,
			);
			defaultConfigurationIsVisible = 0;
			defaultConfigurationName = Release;
		};
		DAE0E7BA16CF26C7003C9D74 /* Build configuration list for PBXNativeTarget "lotteryTests" */ = {
			isa = XCConfigurationList;
			buildConfigurations = (
				DAE0E7BB16CF26C7003C9D74 /* Debug */,
				DAE0E7BC16CF26C7003C9D74 /* Release */,
			);
			defaultConfigurationIsVisible = 0;
			defaultConfigurationName = Release;
		};
/* End XCConfigurationList section */
	};
	rootObject = DAE0E77216CF26C6003C9D74 /* Project object */;
}
